// !$*UTF8*$!
{
	archiveVersion = 1;
	classes = {
	};
	objectVersion = 51;
	objects = {

/* Begin PBXBuildFile section */
		1457307ABA006E0C6F449065 /* Pods_Intelligent_FitnessTests.framework in Frameworks */ = {isa = PBXBuildFile; fileRef = 9A15EECFB09ABBC8856BA641 /* Pods_Intelligent_FitnessTests.framework */; };
		7300458422C0DAEC00B5720B /* WorkoutViewController.swift in Sources */ = {isa = PBXBuildFile; fileRef = 7300458322C0DAEC00B5720B /* WorkoutViewController.swift */; };
		730E63F122CCF2CC00A6A5F3 /* FunctionalFitnessTestTableViewController.swift in Sources */ = {isa = PBXBuildFile; fileRef = 730E63F022CCF2CC00A6A5F3 /* FunctionalFitnessTestTableViewController.swift */; };
		730E643422CE464300A6A5F3 /* FunctionalFitnessTestViewController.swift in Sources */ = {isa = PBXBuildFile; fileRef = 730E643322CE464300A6A5F3 /* FunctionalFitnessTestViewController.swift */; };
		731D517B22BA828600AA7EA4 /* LoginViewController.swift in Sources */ = {isa = PBXBuildFile; fileRef = 731D517A22BA828600AA7EA4 /* LoginViewController.swift */; };
		731D517D22BA83E100AA7EA4 /* GoogleService-Info.plist in Resources */ = {isa = PBXBuildFile; fileRef = 731D517C22BA83E100AA7EA4 /* GoogleService-Info.plist */; };
		7342CB9422C51F36000A6FB6 /* UITextField+Extension.swift in Sources */ = {isa = PBXBuildFile; fileRef = 7342CB9322C51F36000A6FB6 /* UITextField+Extension.swift */; };
		7342CB9622C526DC000A6FB6 /* UITextView+Extension.swift in Sources */ = {isa = PBXBuildFile; fileRef = 7342CB9522C526DC000A6FB6 /* UITextView+Extension.swift */; };
		7342CB9C22C533F4000A6FB6 /* HistoryViewController.swift in Sources */ = {isa = PBXBuildFile; fileRef = 7342CB9B22C533F4000A6FB6 /* HistoryViewController.swift */; };
		736CFC1822B3B2E20071EA3B /* AppDelegate.swift in Sources */ = {isa = PBXBuildFile; fileRef = 736CFC1722B3B2E20071EA3B /* AppDelegate.swift */; };
		736CFC1A22B3B2E20071EA3B /* TestViewController.swift in Sources */ = {isa = PBXBuildFile; fileRef = 736CFC1922B3B2E20071EA3B /* TestViewController.swift */; };
		736CFC1F22B3B2E20071EA3B /* Main.storyboard in Resources */ = {isa = PBXBuildFile; fileRef = 736CFC1D22B3B2E20071EA3B /* Main.storyboard */; };
		736CFC2122B3B2E20071EA3B /* Assets.xcassets in Resources */ = {isa = PBXBuildFile; fileRef = 736CFC2022B3B2E20071EA3B /* Assets.xcassets */; };
		736CFC2422B3B2E20071EA3B /* LaunchScreen.storyboard in Resources */ = {isa = PBXBuildFile; fileRef = 736CFC2222B3B2E20071EA3B /* LaunchScreen.storyboard */; };
		736CFC2F22B3B2E30071EA3B /* Intelligent_FitnessTests.swift in Sources */ = {isa = PBXBuildFile; fileRef = 736CFC2E22B3B2E30071EA3B /* Intelligent_FitnessTests.swift */; };
		736CFC3A22B3B2E30071EA3B /* Intelligent_FitnessUITests.swift in Sources */ = {isa = PBXBuildFile; fileRef = 736CFC3922B3B2E30071EA3B /* Intelligent_FitnessUITests.swift */; };
		736CFC8922B4F0AF0071EA3B /* Model.xcdatamodeld in Sources */ = {isa = PBXBuildFile; fileRef = 736CFC8722B4F0AF0071EA3B /* Model.xcdatamodeld */; };
		737373BC22B508F200698DD4 /* CoreDataStackSingleton.swift in Sources */ = {isa = PBXBuildFile; fileRef = 737373BB22B508F200698DD4 /* CoreDataStackSingleton.swift */; };
		73759DB922C24F6600757C29 /* ProgressViewController.swift in Sources */ = {isa = PBXBuildFile; fileRef = 73759DB822C24F6600757C29 /* ProgressViewController.swift */; };
		73759DBB22C25A1C00757C29 /* GraphView.swift in Sources */ = {isa = PBXBuildFile; fileRef = 73759DBA22C25A1C00757C29 /* GraphView.swift */; };
		73759DBD22C3B82600757C29 /* ProfileViewController.swift in Sources */ = {isa = PBXBuildFile; fileRef = 73759DBC22C3B82600757C29 /* ProfileViewController.swift */; };
		7376663E22CCAD8B004324B5 /* Enumerations.swift in Sources */ = {isa = PBXBuildFile; fileRef = 7376663D22CCAD8B004324B5 /* Enumerations.swift */; };
		7376664022CCB7D9004324B5 /* ProgressView.swift in Sources */ = {isa = PBXBuildFile; fileRef = 7376663F22CCB7D9004324B5 /* ProgressView.swift */; };
		738E445222CA544400F7BEA6 /* WorkoutTableViewController.swift in Sources */ = {isa = PBXBuildFile; fileRef = 738E445122CA544400F7BEA6 /* WorkoutTableViewController.swift */; };
		738E445422CB58C500F7BEA6 /* Exercise+Extension.swift in Sources */ = {isa = PBXBuildFile; fileRef = 738E445322CB58C500F7BEA6 /* Exercise+Extension.swift */; };
		73B5B10222BBE9DA00B238ED /* HealthKit.framework in Frameworks */ = {isa = PBXBuildFile; fileRef = 73B5B10122BBE9DA00B238ED /* HealthKit.framework */; };
		73B5B10422BBEB8700B238ED /* HealthKitAccess.swift in Sources */ = {isa = PBXBuildFile; fileRef = 73B5B10322BBEB8700B238ED /* HealthKitAccess.swift */; };
		73D9BE2222C7911900879CF1 /* WorkoutManager.swift in Sources */ = {isa = PBXBuildFile; fileRef = 73D9BE2122C7911900879CF1 /* WorkoutManager.swift */; };
		73D9BE2422C7B2C100879CF1 /* ExerciseSet+Extension.swift in Sources */ = {isa = PBXBuildFile; fileRef = 73D9BE2322C7B2C100879CF1 /* ExerciseSet+Extension.swift */; };
		73D9BE2622C7B2FF00879CF1 /* Workout+Extension.swift in Sources */ = {isa = PBXBuildFile; fileRef = 73D9BE2522C7B2FF00879CF1 /* Workout+Extension.swift */; };
		73EB4C4522D60E6800BC0C09 /* ExerciseSetProtocol.swift in Sources */ = {isa = PBXBuildFile; fileRef = 73EB4C4422D60E6800BC0C09 /* ExerciseSetProtocol.swift */; };
		73EB4C4722D60EA300BC0C09 /* ExerciseReps+Extension.swift in Sources */ = {isa = PBXBuildFile; fileRef = 73EB4C4622D60EA300BC0C09 /* ExerciseReps+Extension.swift */; };
		73EB4C4922D60FF300BC0C09 /* Reps+Extension.swift in Sources */ = {isa = PBXBuildFile; fileRef = 73EB4C4822D60FF300BC0C09 /* Reps+Extension.swift */; };
		73EB4C4B22D6108E00BC0C09 /* Interval+Extension.swift in Sources */ = {isa = PBXBuildFile; fileRef = 73EB4C4A22D6108E00BC0C09 /* Interval+Extension.swift */; };
		73EB4C4D22D611FC00BC0C09 /* ExerciseProtocol.swift in Sources */ = {isa = PBXBuildFile; fileRef = 73EB4C4C22D611FC00BC0C09 /* ExerciseProtocol.swift */; };
		73EB4C4F22D6161D00BC0C09 /* ExerciseInterval+Extension.swift in Sources */ = {isa = PBXBuildFile; fileRef = 73EB4C4E22D6161D00BC0C09 /* ExerciseInterval+Extension.swift */; };
		73EB4C5122D61C3900BC0C09 /* Distance+Extension.swift in Sources */ = {isa = PBXBuildFile; fileRef = 73EB4C5022D61C3900BC0C09 /* Distance+Extension.swift */; };
		73EB4C5322D61C7400BC0C09 /* ExerciseDistance+Extension.swift in Sources */ = {isa = PBXBuildFile; fileRef = 73EB4C5222D61C7400BC0C09 /* ExerciseDistance+Extension.swift */; };
		73EB4C5522D748BD00BC0C09 /* WorkoutDetailTableViewController.swift in Sources */ = {isa = PBXBuildFile; fileRef = 73EB4C5422D748BD00BC0C09 /* WorkoutDetailTableViewController.swift */; };
		73EB4C5722D77A0B00BC0C09 /* ExerciseDefinition.swift in Sources */ = {isa = PBXBuildFile; fileRef = 73EB4C5622D77A0B00BC0C09 /* ExerciseDefinition.swift */; };
		9B7E1A27CAFCABAA54613FD0 /* Pods_Intelligent_Fitness.framework in Frameworks */ = {isa = PBXBuildFile; fileRef = 5AD2F45FBC7133D7A831CCAF /* Pods_Intelligent_Fitness.framework */; };
		FA3860FA8964F1672AF23A42 /* Pods_Intelligent_FitnessUITests.framework in Frameworks */ = {isa = PBXBuildFile; fileRef = 57027BDECC969C348D8A3E12 /* Pods_Intelligent_FitnessUITests.framework */; };
/* End PBXBuildFile section */

/* Begin PBXContainerItemProxy section */
		736CFC2B22B3B2E30071EA3B /* PBXContainerItemProxy */ = {
			isa = PBXContainerItemProxy;
			containerPortal = 736CFC0C22B3B2E20071EA3B /* Project object */;
			proxyType = 1;
			remoteGlobalIDString = 736CFC1322B3B2E20071EA3B;
			remoteInfo = "Intelligent Fitness";
		};
		736CFC3622B3B2E30071EA3B /* PBXContainerItemProxy */ = {
			isa = PBXContainerItemProxy;
			containerPortal = 736CFC0C22B3B2E20071EA3B /* Project object */;
			proxyType = 1;
			remoteGlobalIDString = 736CFC1322B3B2E20071EA3B;
			remoteInfo = "Intelligent Fitness";
		};
/* End PBXContainerItemProxy section */

/* Begin PBXFileReference section */
		1D06C11C6C5C873EE7543118 /* Pods-Intelligent Fitness.release.xcconfig */ = {isa = PBXFileReference; includeInIndex = 1; lastKnownFileType = text.xcconfig; name = "Pods-Intelligent Fitness.release.xcconfig"; path = "Target Support Files/Pods-Intelligent Fitness/Pods-Intelligent Fitness.release.xcconfig"; sourceTree = "<group>"; };
		5057469183A91ED360F47967 /* Pods-Intelligent FitnessTests.release.xcconfig */ = {isa = PBXFileReference; includeInIndex = 1; lastKnownFileType = text.xcconfig; name = "Pods-Intelligent FitnessTests.release.xcconfig"; path = "Target Support Files/Pods-Intelligent FitnessTests/Pods-Intelligent FitnessTests.release.xcconfig"; sourceTree = "<group>"; };
		57027BDECC969C348D8A3E12 /* Pods_Intelligent_FitnessUITests.framework */ = {isa = PBXFileReference; explicitFileType = wrapper.framework; includeInIndex = 0; path = Pods_Intelligent_FitnessUITests.framework; sourceTree = BUILT_PRODUCTS_DIR; };
		5AD2F45FBC7133D7A831CCAF /* Pods_Intelligent_Fitness.framework */ = {isa = PBXFileReference; explicitFileType = wrapper.framework; includeInIndex = 0; path = Pods_Intelligent_Fitness.framework; sourceTree = BUILT_PRODUCTS_DIR; };
		67A57F9DAF4C5E97858C9D9E /* Pods-Intelligent FitnessUITests.release.xcconfig */ = {isa = PBXFileReference; includeInIndex = 1; lastKnownFileType = text.xcconfig; name = "Pods-Intelligent FitnessUITests.release.xcconfig"; path = "Target Support Files/Pods-Intelligent FitnessUITests/Pods-Intelligent FitnessUITests.release.xcconfig"; sourceTree = "<group>"; };
		7300458322C0DAEC00B5720B /* WorkoutViewController.swift */ = {isa = PBXFileReference; lastKnownFileType = sourcecode.swift; path = WorkoutViewController.swift; sourceTree = "<group>"; };
		730E63F022CCF2CC00A6A5F3 /* FunctionalFitnessTestTableViewController.swift */ = {isa = PBXFileReference; lastKnownFileType = sourcecode.swift; path = FunctionalFitnessTestTableViewController.swift; sourceTree = "<group>"; };
		730E643322CE464300A6A5F3 /* FunctionalFitnessTestViewController.swift */ = {isa = PBXFileReference; lastKnownFileType = sourcecode.swift; path = FunctionalFitnessTestViewController.swift; sourceTree = "<group>"; };
		731D517A22BA828600AA7EA4 /* LoginViewController.swift */ = {isa = PBXFileReference; lastKnownFileType = sourcecode.swift; path = LoginViewController.swift; sourceTree = "<group>"; };
		731D517C22BA83E100AA7EA4 /* GoogleService-Info.plist */ = {isa = PBXFileReference; fileEncoding = 4; lastKnownFileType = text.plist.xml; path = "GoogleService-Info.plist"; sourceTree = "<group>"; };
		7342CB9322C51F36000A6FB6 /* UITextField+Extension.swift */ = {isa = PBXFileReference; lastKnownFileType = sourcecode.swift; path = "UITextField+Extension.swift"; sourceTree = "<group>"; };
		7342CB9522C526DC000A6FB6 /* UITextView+Extension.swift */ = {isa = PBXFileReference; lastKnownFileType = sourcecode.swift; path = "UITextView+Extension.swift"; sourceTree = "<group>"; };
		7342CB9B22C533F4000A6FB6 /* HistoryViewController.swift */ = {isa = PBXFileReference; lastKnownFileType = sourcecode.swift; path = HistoryViewController.swift; sourceTree = "<group>"; };
		736CFC1422B3B2E20071EA3B /* Intelligent Fitness.app */ = {isa = PBXFileReference; explicitFileType = wrapper.application; includeInIndex = 0; path = "Intelligent Fitness.app"; sourceTree = BUILT_PRODUCTS_DIR; };
		736CFC1722B3B2E20071EA3B /* AppDelegate.swift */ = {isa = PBXFileReference; lastKnownFileType = sourcecode.swift; path = AppDelegate.swift; sourceTree = "<group>"; };
		736CFC1922B3B2E20071EA3B /* TestViewController.swift */ = {isa = PBXFileReference; lastKnownFileType = sourcecode.swift; path = TestViewController.swift; sourceTree = "<group>"; };
		736CFC1E22B3B2E20071EA3B /* Base */ = {isa = PBXFileReference; lastKnownFileType = file.storyboard; name = Base; path = Base.lproj/Main.storyboard; sourceTree = "<group>"; };
		736CFC2022B3B2E20071EA3B /* Assets.xcassets */ = {isa = PBXFileReference; lastKnownFileType = folder.assetcatalog; path = Assets.xcassets; sourceTree = "<group>"; };
		736CFC2322B3B2E20071EA3B /* Base */ = {isa = PBXFileReference; lastKnownFileType = file.storyboard; name = Base; path = Base.lproj/LaunchScreen.storyboard; sourceTree = "<group>"; };
		736CFC2522B3B2E20071EA3B /* Info.plist */ = {isa = PBXFileReference; lastKnownFileType = text.plist.xml; path = Info.plist; sourceTree = "<group>"; };
		736CFC2A22B3B2E30071EA3B /* Intelligent FitnessTests.xctest */ = {isa = PBXFileReference; explicitFileType = wrapper.cfbundle; includeInIndex = 0; path = "Intelligent FitnessTests.xctest"; sourceTree = BUILT_PRODUCTS_DIR; };
		736CFC2E22B3B2E30071EA3B /* Intelligent_FitnessTests.swift */ = {isa = PBXFileReference; lastKnownFileType = sourcecode.swift; path = Intelligent_FitnessTests.swift; sourceTree = "<group>"; };
		736CFC3022B3B2E30071EA3B /* Info.plist */ = {isa = PBXFileReference; lastKnownFileType = text.plist.xml; path = Info.plist; sourceTree = "<group>"; };
		736CFC3522B3B2E30071EA3B /* Intelligent FitnessUITests.xctest */ = {isa = PBXFileReference; explicitFileType = wrapper.cfbundle; includeInIndex = 0; path = "Intelligent FitnessUITests.xctest"; sourceTree = BUILT_PRODUCTS_DIR; };
		736CFC3922B3B2E30071EA3B /* Intelligent_FitnessUITests.swift */ = {isa = PBXFileReference; lastKnownFileType = sourcecode.swift; path = Intelligent_FitnessUITests.swift; sourceTree = "<group>"; };
		736CFC3B22B3B2E30071EA3B /* Info.plist */ = {isa = PBXFileReference; lastKnownFileType = text.plist.xml; path = Info.plist; sourceTree = "<group>"; };
		736CFC8822B4F0AF0071EA3B /* Model.xcdatamodel */ = {isa = PBXFileReference; lastKnownFileType = wrapper.xcdatamodel; path = Model.xcdatamodel; sourceTree = "<group>"; };
		737373BB22B508F200698DD4 /* CoreDataStackSingleton.swift */ = {isa = PBXFileReference; lastKnownFileType = sourcecode.swift; path = CoreDataStackSingleton.swift; sourceTree = "<group>"; };
		73759DB822C24F6600757C29 /* ProgressViewController.swift */ = {isa = PBXFileReference; lastKnownFileType = sourcecode.swift; path = ProgressViewController.swift; sourceTree = "<group>"; };
		73759DBA22C25A1C00757C29 /* GraphView.swift */ = {isa = PBXFileReference; lastKnownFileType = sourcecode.swift; path = GraphView.swift; sourceTree = "<group>"; };
		73759DBC22C3B82600757C29 /* ProfileViewController.swift */ = {isa = PBXFileReference; lastKnownFileType = sourcecode.swift; path = ProfileViewController.swift; sourceTree = "<group>"; };
		7376663D22CCAD8B004324B5 /* Enumerations.swift */ = {isa = PBXFileReference; lastKnownFileType = sourcecode.swift; path = Enumerations.swift; sourceTree = "<group>"; };
		7376663F22CCB7D9004324B5 /* ProgressView.swift */ = {isa = PBXFileReference; lastKnownFileType = sourcecode.swift; path = ProgressView.swift; sourceTree = "<group>"; };
		738E445122CA544400F7BEA6 /* WorkoutTableViewController.swift */ = {isa = PBXFileReference; lastKnownFileType = sourcecode.swift; path = WorkoutTableViewController.swift; sourceTree = "<group>"; };
		738E445322CB58C500F7BEA6 /* Exercise+Extension.swift */ = {isa = PBXFileReference; lastKnownFileType = sourcecode.swift; path = "Exercise+Extension.swift"; sourceTree = "<group>"; };
		73B5B10122BBE9DA00B238ED /* HealthKit.framework */ = {isa = PBXFileReference; lastKnownFileType = wrapper.framework; name = HealthKit.framework; path = System/Library/Frameworks/HealthKit.framework; sourceTree = SDKROOT; };
		73B5B10322BBEB8700B238ED /* HealthKitAccess.swift */ = {isa = PBXFileReference; lastKnownFileType = sourcecode.swift; path = HealthKitAccess.swift; sourceTree = "<group>"; };
		73BB343822BA932E001AAED7 /* Intelligent Fitness.entitlements */ = {isa = PBXFileReference; lastKnownFileType = text.plist.entitlements; path = "Intelligent Fitness.entitlements"; sourceTree = "<group>"; };
		73D9BE2122C7911900879CF1 /* WorkoutManager.swift */ = {isa = PBXFileReference; lastKnownFileType = sourcecode.swift; path = WorkoutManager.swift; sourceTree = "<group>"; };
		73D9BE2322C7B2C100879CF1 /* ExerciseSet+Extension.swift */ = {isa = PBXFileReference; lastKnownFileType = sourcecode.swift; path = "ExerciseSet+Extension.swift"; sourceTree = "<group>"; };
		73D9BE2522C7B2FF00879CF1 /* Workout+Extension.swift */ = {isa = PBXFileReference; lastKnownFileType = sourcecode.swift; path = "Workout+Extension.swift"; sourceTree = "<group>"; };
		73EB4C4422D60E6800BC0C09 /* ExerciseSetProtocol.swift */ = {isa = PBXFileReference; lastKnownFileType = sourcecode.swift; path = ExerciseSetProtocol.swift; sourceTree = "<group>"; };
		73EB4C4622D60EA300BC0C09 /* ExerciseReps+Extension.swift */ = {isa = PBXFileReference; lastKnownFileType = sourcecode.swift; path = "ExerciseReps+Extension.swift"; sourceTree = "<group>"; };
		73EB4C4822D60FF300BC0C09 /* Reps+Extension.swift */ = {isa = PBXFileReference; lastKnownFileType = sourcecode.swift; path = "Reps+Extension.swift"; sourceTree = "<group>"; };
		73EB4C4A22D6108E00BC0C09 /* Interval+Extension.swift */ = {isa = PBXFileReference; lastKnownFileType = sourcecode.swift; path = "Interval+Extension.swift"; sourceTree = "<group>"; };
		73EB4C4C22D611FC00BC0C09 /* ExerciseProtocol.swift */ = {isa = PBXFileReference; lastKnownFileType = sourcecode.swift; path = ExerciseProtocol.swift; sourceTree = "<group>"; };
		73EB4C4E22D6161D00BC0C09 /* ExerciseInterval+Extension.swift */ = {isa = PBXFileReference; lastKnownFileType = sourcecode.swift; path = "ExerciseInterval+Extension.swift"; sourceTree = "<group>"; };
		73EB4C5022D61C3900BC0C09 /* Distance+Extension.swift */ = {isa = PBXFileReference; lastKnownFileType = sourcecode.swift; path = "Distance+Extension.swift"; sourceTree = "<group>"; };
		73EB4C5222D61C7400BC0C09 /* ExerciseDistance+Extension.swift */ = {isa = PBXFileReference; lastKnownFileType = sourcecode.swift; path = "ExerciseDistance+Extension.swift"; sourceTree = "<group>"; };
		73EB4C5422D748BD00BC0C09 /* WorkoutDetailTableViewController.swift */ = {isa = PBXFileReference; lastKnownFileType = sourcecode.swift; path = WorkoutDetailTableViewController.swift; sourceTree = "<group>"; };
		73EB4C5622D77A0B00BC0C09 /* ExerciseDefinition.swift */ = {isa = PBXFileReference; lastKnownFileType = sourcecode.swift; path = ExerciseDefinition.swift; sourceTree = "<group>"; };
		9A15EECFB09ABBC8856BA641 /* Pods_Intelligent_FitnessTests.framework */ = {isa = PBXFileReference; explicitFileType = wrapper.framework; includeInIndex = 0; path = Pods_Intelligent_FitnessTests.framework; sourceTree = BUILT_PRODUCTS_DIR; };
		A621DD4A3C3F73C2603DB12E /* Pods-Intelligent Fitness.debug.xcconfig */ = {isa = PBXFileReference; includeInIndex = 1; lastKnownFileType = text.xcconfig; name = "Pods-Intelligent Fitness.debug.xcconfig"; path = "Target Support Files/Pods-Intelligent Fitness/Pods-Intelligent Fitness.debug.xcconfig"; sourceTree = "<group>"; };
		CC9FB4B13A229373A6DE344C /* Pods-Intelligent FitnessUITests.debug.xcconfig */ = {isa = PBXFileReference; includeInIndex = 1; lastKnownFileType = text.xcconfig; name = "Pods-Intelligent FitnessUITests.debug.xcconfig"; path = "Target Support Files/Pods-Intelligent FitnessUITests/Pods-Intelligent FitnessUITests.debug.xcconfig"; sourceTree = "<group>"; };
		D3A74A53702081A12DFF5159 /* Pods-Intelligent FitnessTests.debug.xcconfig */ = {isa = PBXFileReference; includeInIndex = 1; lastKnownFileType = text.xcconfig; name = "Pods-Intelligent FitnessTests.debug.xcconfig"; path = "Target Support Files/Pods-Intelligent FitnessTests/Pods-Intelligent FitnessTests.debug.xcconfig"; sourceTree = "<group>"; };
/* End PBXFileReference section */

/* Begin PBXFrameworksBuildPhase section */
		736CFC1122B3B2E20071EA3B /* Frameworks */ = {
			isa = PBXFrameworksBuildPhase;
			buildActionMask = 2147483647;
			files = (
				9B7E1A27CAFCABAA54613FD0 /* Pods_Intelligent_Fitness.framework in Frameworks */,
				73B5B10222BBE9DA00B238ED /* HealthKit.framework in Frameworks */,
			);
			runOnlyForDeploymentPostprocessing = 0;
		};
		736CFC2722B3B2E30071EA3B /* Frameworks */ = {
			isa = PBXFrameworksBuildPhase;
			buildActionMask = 2147483647;
			files = (
				1457307ABA006E0C6F449065 /* Pods_Intelligent_FitnessTests.framework in Frameworks */,
			);
			runOnlyForDeploymentPostprocessing = 0;
		};
		736CFC3222B3B2E30071EA3B /* Frameworks */ = {
			isa = PBXFrameworksBuildPhase;
			buildActionMask = 2147483647;
			files = (
				FA3860FA8964F1672AF23A42 /* Pods_Intelligent_FitnessUITests.framework in Frameworks */,
			);
			runOnlyForDeploymentPostprocessing = 0;
		};
/* End PBXFrameworksBuildPhase section */

/* Begin PBXGroup section */
		730E643222CE45EF00A6A5F3 /* view controllers */ = {
			isa = PBXGroup;
			children = (
				731D517A22BA828600AA7EA4 /* LoginViewController.swift */,
				736CFC1922B3B2E20071EA3B /* TestViewController.swift */,
				73759DB822C24F6600757C29 /* ProgressViewController.swift */,
				738E445122CA544400F7BEA6 /* WorkoutTableViewController.swift */,
				730E63F022CCF2CC00A6A5F3 /* FunctionalFitnessTestTableViewController.swift */,
				7342CB9B22C533F4000A6FB6 /* HistoryViewController.swift */,
				73759DBC22C3B82600757C29 /* ProfileViewController.swift */,
				7300458322C0DAEC00B5720B /* WorkoutViewController.swift */,
				730E643322CE464300A6A5F3 /* FunctionalFitnessTestViewController.swift */,
				73EB4C5422D748BD00BC0C09 /* WorkoutDetailTableViewController.swift */,
			);
			path = "view controllers";
			sourceTree = "<group>";
		};
		7342CB9222C51F1F000A6FB6 /* UI */ = {
			isa = PBXGroup;
			children = (
				7342CB9322C51F36000A6FB6 /* UITextField+Extension.swift */,
				7342CB9522C526DC000A6FB6 /* UITextView+Extension.swift */,
				7376663F22CCB7D9004324B5 /* ProgressView.swift */,
				73759DBA22C25A1C00757C29 /* GraphView.swift */,
			);
			path = UI;
			sourceTree = "<group>";
		};
		736CFC0B22B3B2E20071EA3B = {
			isa = PBXGroup;
			children = (
				730E643222CE45EF00A6A5F3 /* view controllers */,
				7342CB9222C51F1F000A6FB6 /* UI */,
				737373BA22B508D400698DD4 /* model */,
				736CFC1622B3B2E20071EA3B /* Intelligent Fitness */,
				736CFC2D22B3B2E30071EA3B /* Intelligent FitnessTests */,
				736CFC3822B3B2E30071EA3B /* Intelligent FitnessUITests */,
				736CFC1522B3B2E20071EA3B /* Products */,
				CFB9C93EDDEF9928679608EC /* Pods */,
				7B7E0AA4692A0B5ED40E6DDA /* Frameworks */,
			);
			sourceTree = "<group>";
		};
		736CFC1522B3B2E20071EA3B /* Products */ = {
			isa = PBXGroup;
			children = (
				736CFC1422B3B2E20071EA3B /* Intelligent Fitness.app */,
				736CFC2A22B3B2E30071EA3B /* Intelligent FitnessTests.xctest */,
				736CFC3522B3B2E30071EA3B /* Intelligent FitnessUITests.xctest */,
			);
			name = Products;
			sourceTree = "<group>";
		};
		736CFC1622B3B2E20071EA3B /* Intelligent Fitness */ = {
			isa = PBXGroup;
			children = (
				73BB343822BA932E001AAED7 /* Intelligent Fitness.entitlements */,
				736CFC1722B3B2E20071EA3B /* AppDelegate.swift */,
				736CFC1D22B3B2E20071EA3B /* Main.storyboard */,
				736CFC2022B3B2E20071EA3B /* Assets.xcassets */,
				736CFC2222B3B2E20071EA3B /* LaunchScreen.storyboard */,
				736CFC2522B3B2E20071EA3B /* Info.plist */,
				731D517C22BA83E100AA7EA4 /* GoogleService-Info.plist */,
				73B5B10322BBEB8700B238ED /* HealthKitAccess.swift */,
			);
			path = "Intelligent Fitness";
			sourceTree = "<group>";
		};
		736CFC2D22B3B2E30071EA3B /* Intelligent FitnessTests */ = {
			isa = PBXGroup;
			children = (
				736CFC2E22B3B2E30071EA3B /* Intelligent_FitnessTests.swift */,
				736CFC3022B3B2E30071EA3B /* Info.plist */,
			);
			path = "Intelligent FitnessTests";
			sourceTree = "<group>";
		};
		736CFC3822B3B2E30071EA3B /* Intelligent FitnessUITests */ = {
			isa = PBXGroup;
			children = (
				736CFC3922B3B2E30071EA3B /* Intelligent_FitnessUITests.swift */,
				736CFC3B22B3B2E30071EA3B /* Info.plist */,
			);
			path = "Intelligent FitnessUITests";
			sourceTree = "<group>";
		};
		737373BA22B508D400698DD4 /* model */ = {
			isa = PBXGroup;
			children = (
				737373BB22B508F200698DD4 /* CoreDataStackSingleton.swift */,
				73EB4C5022D61C3900BC0C09 /* Distance+Extension.swift */,
				7376663D22CCAD8B004324B5 /* Enumerations.swift */,
				738E445322CB58C500F7BEA6 /* Exercise+Extension.swift */,
				73EB4C4E22D6161D00BC0C09 /* ExerciseInterval+Extension.swift */,
				73EB4C5222D61C7400BC0C09 /* ExerciseDistance+Extension.swift */,
				73EB4C4C22D611FC00BC0C09 /* ExerciseProtocol.swift */,
				73EB4C4622D60EA300BC0C09 /* ExerciseReps+Extension.swift */,
				73D9BE2322C7B2C100879CF1 /* ExerciseSet+Extension.swift */,
				73EB4C4422D60E6800BC0C09 /* ExerciseSetProtocol.swift */,
				73EB4C4A22D6108E00BC0C09 /* Interval+Extension.swift */,
				736CFC8722B4F0AF0071EA3B /* Model.xcdatamodeld */,
				73EB4C4822D60FF300BC0C09 /* Reps+Extension.swift */,
				73D9BE2522C7B2FF00879CF1 /* Workout+Extension.swift */,
				73D9BE2122C7911900879CF1 /* WorkoutManager.swift */,
				73EB4C5622D77A0B00BC0C09 /* ExerciseDefinition.swift */,
			);
			path = model;
			sourceTree = "<group>";
		};
		7B7E0AA4692A0B5ED40E6DDA /* Frameworks */ = {
			isa = PBXGroup;
			children = (
				73B5B10122BBE9DA00B238ED /* HealthKit.framework */,
				5AD2F45FBC7133D7A831CCAF /* Pods_Intelligent_Fitness.framework */,
				9A15EECFB09ABBC8856BA641 /* Pods_Intelligent_FitnessTests.framework */,
				57027BDECC969C348D8A3E12 /* Pods_Intelligent_FitnessUITests.framework */,
			);
			name = Frameworks;
			sourceTree = "<group>";
		};
		CFB9C93EDDEF9928679608EC /* Pods */ = {
			isa = PBXGroup;
			children = (
				A621DD4A3C3F73C2603DB12E /* Pods-Intelligent Fitness.debug.xcconfig */,
				1D06C11C6C5C873EE7543118 /* Pods-Intelligent Fitness.release.xcconfig */,
				D3A74A53702081A12DFF5159 /* Pods-Intelligent FitnessTests.debug.xcconfig */,
				5057469183A91ED360F47967 /* Pods-Intelligent FitnessTests.release.xcconfig */,
				CC9FB4B13A229373A6DE344C /* Pods-Intelligent FitnessUITests.debug.xcconfig */,
				67A57F9DAF4C5E97858C9D9E /* Pods-Intelligent FitnessUITests.release.xcconfig */,
			);
			path = Pods;
			sourceTree = "<group>";
		};
/* End PBXGroup section */

/* Begin PBXNativeTarget section */
		736CFC1322B3B2E20071EA3B /* Intelligent Fitness */ = {
			isa = PBXNativeTarget;
			buildConfigurationList = 736CFC3E22B3B2E30071EA3B /* Build configuration list for PBXNativeTarget "Intelligent Fitness" */;
			buildPhases = (
				1897DE62E80A5D87E808076D /* [CP] Check Pods Manifest.lock */,
				736CFC1022B3B2E20071EA3B /* Sources */,
				736CFC1122B3B2E20071EA3B /* Frameworks */,
				736CFC1222B3B2E20071EA3B /* Resources */,
				F1267559CC13155989C21410 /* [CP] Embed Pods Frameworks */,
				29A9143F1FDC34A22EC4D676 /* [CP] Copy Pods Resources */,
			);
			buildRules = (
			);
			dependencies = (
			);
			name = "Intelligent Fitness";
			productName = "Intelligent Fitness";
			productReference = 736CFC1422B3B2E20071EA3B /* Intelligent Fitness.app */;
			productType = "com.apple.product-type.application";
		};
		736CFC2922B3B2E30071EA3B /* Intelligent FitnessTests */ = {
			isa = PBXNativeTarget;
			buildConfigurationList = 736CFC4122B3B2E30071EA3B /* Build configuration list for PBXNativeTarget "Intelligent FitnessTests" */;
			buildPhases = (
				23ECC9949C7B43BE4F7A81BE /* [CP] Check Pods Manifest.lock */,
				736CFC2622B3B2E30071EA3B /* Sources */,
				736CFC2722B3B2E30071EA3B /* Frameworks */,
				736CFC2822B3B2E30071EA3B /* Resources */,
			);
			buildRules = (
			);
			dependencies = (
				736CFC2C22B3B2E30071EA3B /* PBXTargetDependency */,
			);
			name = "Intelligent FitnessTests";
			productName = "Intelligent FitnessTests";
			productReference = 736CFC2A22B3B2E30071EA3B /* Intelligent FitnessTests.xctest */;
			productType = "com.apple.product-type.bundle.unit-test";
		};
		736CFC3422B3B2E30071EA3B /* Intelligent FitnessUITests */ = {
			isa = PBXNativeTarget;
			buildConfigurationList = 736CFC4422B3B2E30071EA3B /* Build configuration list for PBXNativeTarget "Intelligent FitnessUITests" */;
			buildPhases = (
				602C8513D6EAC3B80C35BDDC /* [CP] Check Pods Manifest.lock */,
				736CFC3122B3B2E30071EA3B /* Sources */,
				736CFC3222B3B2E30071EA3B /* Frameworks */,
				736CFC3322B3B2E30071EA3B /* Resources */,
			);
			buildRules = (
			);
			dependencies = (
				736CFC3722B3B2E30071EA3B /* PBXTargetDependency */,
			);
			name = "Intelligent FitnessUITests";
			productName = "Intelligent FitnessUITests";
			productReference = 736CFC3522B3B2E30071EA3B /* Intelligent FitnessUITests.xctest */;
			productType = "com.apple.product-type.bundle.ui-testing";
		};
/* End PBXNativeTarget section */

/* Begin PBXProject section */
		736CFC0C22B3B2E20071EA3B /* Project object */ = {
			isa = PBXProject;
			attributes = {
				LastSwiftUpdateCheck = 1020;
				LastUpgradeCheck = 1020;
				ORGANIZATIONNAME = "Steven Lord";
				TargetAttributes = {
					736CFC1322B3B2E20071EA3B = {
						CreatedOnToolsVersion = 10.2.1;
						SystemCapabilities = {
							com.apple.HealthKit = {
								enabled = 1;
							};
							com.apple.Keychain = {
								enabled = 1;
							};
						};
					};
					736CFC2922B3B2E30071EA3B = {
						CreatedOnToolsVersion = 10.2.1;
						TestTargetID = 736CFC1322B3B2E20071EA3B;
					};
					736CFC3422B3B2E30071EA3B = {
						CreatedOnToolsVersion = 10.2.1;
						TestTargetID = 736CFC1322B3B2E20071EA3B;
					};
				};
			};
			buildConfigurationList = 736CFC0F22B3B2E20071EA3B /* Build configuration list for PBXProject "Intelligent Fitness" */;
			compatibilityVersion = "Xcode 9.3";
			developmentRegion = en;
			hasScannedForEncodings = 0;
			knownRegions = (
				en,
				Base,
			);
			mainGroup = 736CFC0B22B3B2E20071EA3B;
			productRefGroup = 736CFC1522B3B2E20071EA3B /* Products */;
			projectDirPath = "";
			projectRoot = "";
			targets = (
				736CFC1322B3B2E20071EA3B /* Intelligent Fitness */,
				736CFC2922B3B2E30071EA3B /* Intelligent FitnessTests */,
				736CFC3422B3B2E30071EA3B /* Intelligent FitnessUITests */,
			);
		};
/* End PBXProject section */

/* Begin PBXResourcesBuildPhase section */
		736CFC1222B3B2E20071EA3B /* Resources */ = {
			isa = PBXResourcesBuildPhase;
			buildActionMask = 2147483647;
			files = (
				736CFC2422B3B2E20071EA3B /* LaunchScreen.storyboard in Resources */,
				731D517D22BA83E100AA7EA4 /* GoogleService-Info.plist in Resources */,
				736CFC2122B3B2E20071EA3B /* Assets.xcassets in Resources */,
				736CFC1F22B3B2E20071EA3B /* Main.storyboard in Resources */,
			);
			runOnlyForDeploymentPostprocessing = 0;
		};
		736CFC2822B3B2E30071EA3B /* Resources */ = {
			isa = PBXResourcesBuildPhase;
			buildActionMask = 2147483647;
			files = (
			);
			runOnlyForDeploymentPostprocessing = 0;
		};
		736CFC3322B3B2E30071EA3B /* Resources */ = {
			isa = PBXResourcesBuildPhase;
			buildActionMask = 2147483647;
			files = (
			);
			runOnlyForDeploymentPostprocessing = 0;
		};
/* End PBXResourcesBuildPhase section */

/* Begin PBXShellScriptBuildPhase section */
		1897DE62E80A5D87E808076D /* [CP] Check Pods Manifest.lock */ = {
			isa = PBXShellScriptBuildPhase;
			buildActionMask = 2147483647;
			files = (
			);
			inputFileListPaths = (
			);
			inputPaths = (
				"${PODS_PODFILE_DIR_PATH}/Podfile.lock",
				"${PODS_ROOT}/Manifest.lock",
			);
			name = "[CP] Check Pods Manifest.lock";
			outputFileListPaths = (
			);
			outputPaths = (
				"$(DERIVED_FILE_DIR)/Pods-Intelligent Fitness-checkManifestLockResult.txt",
			);
			runOnlyForDeploymentPostprocessing = 0;
			shellPath = /bin/sh;
			shellScript = "diff \"${PODS_PODFILE_DIR_PATH}/Podfile.lock\" \"${PODS_ROOT}/Manifest.lock\" > /dev/null\nif [ $? != 0 ] ; then\n    # print error to STDERR\n    echo \"error: The sandbox is not in sync with the Podfile.lock. Run 'pod install' or update your CocoaPods installation.\" >&2\n    exit 1\nfi\n# This output is used by Xcode 'outputs' to avoid re-running this script phase.\necho \"SUCCESS\" > \"${SCRIPT_OUTPUT_FILE_0}\"\n";
			showEnvVarsInLog = 0;
		};
		23ECC9949C7B43BE4F7A81BE /* [CP] Check Pods Manifest.lock */ = {
			isa = PBXShellScriptBuildPhase;
			buildActionMask = 2147483647;
			files = (
			);
			inputFileListPaths = (
			);
			inputPaths = (
				"${PODS_PODFILE_DIR_PATH}/Podfile.lock",
				"${PODS_ROOT}/Manifest.lock",
			);
			name = "[CP] Check Pods Manifest.lock";
			outputFileListPaths = (
			);
			outputPaths = (
				"$(DERIVED_FILE_DIR)/Pods-Intelligent FitnessTests-checkManifestLockResult.txt",
			);
			runOnlyForDeploymentPostprocessing = 0;
			shellPath = /bin/sh;
			shellScript = "diff \"${PODS_PODFILE_DIR_PATH}/Podfile.lock\" \"${PODS_ROOT}/Manifest.lock\" > /dev/null\nif [ $? != 0 ] ; then\n    # print error to STDERR\n    echo \"error: The sandbox is not in sync with the Podfile.lock. Run 'pod install' or update your CocoaPods installation.\" >&2\n    exit 1\nfi\n# This output is used by Xcode 'outputs' to avoid re-running this script phase.\necho \"SUCCESS\" > \"${SCRIPT_OUTPUT_FILE_0}\"\n";
			showEnvVarsInLog = 0;
		};
		29A9143F1FDC34A22EC4D676 /* [CP] Copy Pods Resources */ = {
			isa = PBXShellScriptBuildPhase;
			buildActionMask = 2147483647;
			files = (
			);
			inputFileListPaths = (
				"${PODS_ROOT}/Target Support Files/Pods-Intelligent Fitness/Pods-Intelligent Fitness-resources-${CONFIGURATION}-input-files.xcfilelist",
			);
			name = "[CP] Copy Pods Resources";
			outputFileListPaths = (
				"${PODS_ROOT}/Target Support Files/Pods-Intelligent Fitness/Pods-Intelligent Fitness-resources-${CONFIGURATION}-output-files.xcfilelist",
			);
			runOnlyForDeploymentPostprocessing = 0;
			shellPath = /bin/sh;
			shellScript = "\"${PODS_ROOT}/Target Support Files/Pods-Intelligent Fitness/Pods-Intelligent Fitness-resources.sh\"\n";
			showEnvVarsInLog = 0;
		};
		602C8513D6EAC3B80C35BDDC /* [CP] Check Pods Manifest.lock */ = {
			isa = PBXShellScriptBuildPhase;
			buildActionMask = 2147483647;
			files = (
			);
			inputFileListPaths = (
			);
			inputPaths = (
				"${PODS_PODFILE_DIR_PATH}/Podfile.lock",
				"${PODS_ROOT}/Manifest.lock",
			);
			name = "[CP] Check Pods Manifest.lock";
			outputFileListPaths = (
			);
			outputPaths = (
				"$(DERIVED_FILE_DIR)/Pods-Intelligent FitnessUITests-checkManifestLockResult.txt",
			);
			runOnlyForDeploymentPostprocessing = 0;
			shellPath = /bin/sh;
			shellScript = "diff \"${PODS_PODFILE_DIR_PATH}/Podfile.lock\" \"${PODS_ROOT}/Manifest.lock\" > /dev/null\nif [ $? != 0 ] ; then\n    # print error to STDERR\n    echo \"error: The sandbox is not in sync with the Podfile.lock. Run 'pod install' or update your CocoaPods installation.\" >&2\n    exit 1\nfi\n# This output is used by Xcode 'outputs' to avoid re-running this script phase.\necho \"SUCCESS\" > \"${SCRIPT_OUTPUT_FILE_0}\"\n";
			showEnvVarsInLog = 0;
		};
		F1267559CC13155989C21410 /* [CP] Embed Pods Frameworks */ = {
			isa = PBXShellScriptBuildPhase;
			buildActionMask = 2147483647;
			files = (
			);
			inputFileListPaths = (
				"${PODS_ROOT}/Target Support Files/Pods-Intelligent Fitness/Pods-Intelligent Fitness-frameworks-${CONFIGURATION}-input-files.xcfilelist",
			);
			name = "[CP] Embed Pods Frameworks";
			outputFileListPaths = (
				"${PODS_ROOT}/Target Support Files/Pods-Intelligent Fitness/Pods-Intelligent Fitness-frameworks-${CONFIGURATION}-output-files.xcfilelist",
			);
			runOnlyForDeploymentPostprocessing = 0;
			shellPath = /bin/sh;
			shellScript = "\"${PODS_ROOT}/Target Support Files/Pods-Intelligent Fitness/Pods-Intelligent Fitness-frameworks.sh\"\n";
			showEnvVarsInLog = 0;
		};
/* End PBXShellScriptBuildPhase section */

/* Begin PBXSourcesBuildPhase section */
		736CFC1022B3B2E20071EA3B /* Sources */ = {
			isa = PBXSourcesBuildPhase;
			buildActionMask = 2147483647;
			files = (
				731D517B22BA828600AA7EA4 /* LoginViewController.swift in Sources */,
				736CFC1822B3B2E20071EA3B /* AppDelegate.swift in Sources */,
				73EB4C4522D60E6800BC0C09 /* ExerciseSetProtocol.swift in Sources */,
				7300458422C0DAEC00B5720B /* WorkoutViewController.swift in Sources */,
				73B5B10422BBEB8700B238ED /* HealthKitAccess.swift in Sources */,
				73D9BE2422C7B2C100879CF1 /* ExerciseSet+Extension.swift in Sources */,
				73D9BE2622C7B2FF00879CF1 /* Workout+Extension.swift in Sources */,
				73EB4C4722D60EA300BC0C09 /* ExerciseReps+Extension.swift in Sources */,
				73EB4C4F22D6161D00BC0C09 /* ExerciseInterval+Extension.swift in Sources */,
				7342CB9C22C533F4000A6FB6 /* HistoryViewController.swift in Sources */,
				73EB4C5322D61C7400BC0C09 /* ExerciseDistance+Extension.swift in Sources */,
				73EB4C4922D60FF300BC0C09 /* Reps+Extension.swift in Sources */,
				73EB4C4D22D611FC00BC0C09 /* ExerciseProtocol.swift in Sources */,
				73EB4C5522D748BD00BC0C09 /* WorkoutDetailTableViewController.swift in Sources */,
				73759DBB22C25A1C00757C29 /* GraphView.swift in Sources */,
				7342CB9622C526DC000A6FB6 /* UITextView+Extension.swift in Sources */,
				73EB4C5122D61C3900BC0C09 /* Distance+Extension.swift in Sources */,
				73759DBD22C3B82600757C29 /* ProfileViewController.swift in Sources */,
				738E445222CA544400F7BEA6 /* WorkoutTableViewController.swift in Sources */,
				736CFC1A22B3B2E20071EA3B /* TestViewController.swift in Sources */,
				73EB4C5722D77A0B00BC0C09 /* ExerciseDefinition.swift in Sources */,
				7376663E22CCAD8B004324B5 /* Enumerations.swift in Sources */,
				73759DB922C24F6600757C29 /* ProgressViewController.swift in Sources */,
				7342CB9422C51F36000A6FB6 /* UITextField+Extension.swift in Sources */,
				736CFC8922B4F0AF0071EA3B /* Model.xcdatamodeld in Sources */,
				730E643422CE464300A6A5F3 /* FunctionalFitnessTestViewController.swift in Sources */,
				73D9BE2222C7911900879CF1 /* WorkoutManager.swift in Sources */,
				730E63F122CCF2CC00A6A5F3 /* FunctionalFitnessTestTableViewController.swift in Sources */,
				73EB4C4B22D6108E00BC0C09 /* Interval+Extension.swift in Sources */,
				737373BC22B508F200698DD4 /* CoreDataStackSingleton.swift in Sources */,
				738E445422CB58C500F7BEA6 /* Exercise+Extension.swift in Sources */,
				7376664022CCB7D9004324B5 /* ProgressView.swift in Sources */,
			);
			runOnlyForDeploymentPostprocessing = 0;
		};
		736CFC2622B3B2E30071EA3B /* Sources */ = {
			isa = PBXSourcesBuildPhase;
			buildActionMask = 2147483647;
			files = (
				736CFC2F22B3B2E30071EA3B /* Intelligent_FitnessTests.swift in Sources */,
			);
			runOnlyForDeploymentPostprocessing = 0;
		};
		736CFC3122B3B2E30071EA3B /* Sources */ = {
			isa = PBXSourcesBuildPhase;
			buildActionMask = 2147483647;
			files = (
				736CFC3A22B3B2E30071EA3B /* Intelligent_FitnessUITests.swift in Sources */,
			);
			runOnlyForDeploymentPostprocessing = 0;
		};
/* End PBXSourcesBuildPhase section */

/* Begin PBXTargetDependency section */
		736CFC2C22B3B2E30071EA3B /* PBXTargetDependency */ = {
			isa = PBXTargetDependency;
			target = 736CFC1322B3B2E20071EA3B /* Intelligent Fitness */;
			targetProxy = 736CFC2B22B3B2E30071EA3B /* PBXContainerItemProxy */;
		};
		736CFC3722B3B2E30071EA3B /* PBXTargetDependency */ = {
			isa = PBXTargetDependency;
			target = 736CFC1322B3B2E20071EA3B /* Intelligent Fitness */;
			targetProxy = 736CFC3622B3B2E30071EA3B /* PBXContainerItemProxy */;
		};
/* End PBXTargetDependency section */

/* Begin PBXVariantGroup section */
		736CFC1D22B3B2E20071EA3B /* Main.storyboard */ = {
			isa = PBXVariantGroup;
			children = (
				736CFC1E22B3B2E20071EA3B /* Base */,
			);
			name = Main.storyboard;
			sourceTree = "<group>";
		};
		736CFC2222B3B2E20071EA3B /* LaunchScreen.storyboard */ = {
			isa = PBXVariantGroup;
			children = (
				736CFC2322B3B2E20071EA3B /* Base */,
			);
			name = LaunchScreen.storyboard;
			sourceTree = "<group>";
		};
/* End PBXVariantGroup section */

/* Begin XCBuildConfiguration section */
		736CFC3C22B3B2E30071EA3B /* Debug */ = {
			isa = XCBuildConfiguration;
			buildSettings = {
				ALWAYS_SEARCH_USER_PATHS = NO;
				CLANG_ANALYZER_NONNULL = YES;
				CLANG_ANALYZER_NUMBER_OBJECT_CONVERSION = YES_AGGRESSIVE;
				CLANG_CXX_LANGUAGE_STANDARD = "gnu++14";
				CLANG_CXX_LIBRARY = "libc++";
				CLANG_ENABLE_MODULES = YES;
				CLANG_ENABLE_OBJC_ARC = YES;
				CLANG_ENABLE_OBJC_WEAK = YES;
				CLANG_WARN_BLOCK_CAPTURE_AUTORELEASING = YES;
				CLANG_WARN_BOOL_CONVERSION = YES;
				CLANG_WARN_COMMA = YES;
				CLANG_WARN_CONSTANT_CONVERSION = YES;
				CLANG_WARN_DEPRECATED_OBJC_IMPLEMENTATIONS = YES;
				CLANG_WARN_DIRECT_OBJC_ISA_USAGE = YES_ERROR;
				CLANG_WARN_DOCUMENTATION_COMMENTS = YES;
				CLANG_WARN_EMPTY_BODY = YES;
				CLANG_WARN_ENUM_CONVERSION = YES;
				CLANG_WARN_INFINITE_RECURSION = YES;
				CLANG_WARN_INT_CONVERSION = YES;
				CLANG_WARN_NON_LITERAL_NULL_CONVERSION = YES;
				CLANG_WARN_OBJC_IMPLICIT_RETAIN_SELF = YES;
				CLANG_WARN_OBJC_LITERAL_CONVERSION = YES;
				CLANG_WARN_OBJC_ROOT_CLASS = YES_ERROR;
				CLANG_WARN_RANGE_LOOP_ANALYSIS = YES;
				CLANG_WARN_STRICT_PROTOTYPES = YES;
				CLANG_WARN_SUSPICIOUS_MOVE = YES;
				CLANG_WARN_UNGUARDED_AVAILABILITY = YES_AGGRESSIVE;
				CLANG_WARN_UNREACHABLE_CODE = YES;
				CLANG_WARN__DUPLICATE_METHOD_MATCH = YES;
				CODE_SIGN_IDENTITY = "iPhone Developer";
				COPY_PHASE_STRIP = NO;
				DEBUG_INFORMATION_FORMAT = dwarf;
				ENABLE_STRICT_OBJC_MSGSEND = YES;
				ENABLE_TESTABILITY = YES;
				GCC_C_LANGUAGE_STANDARD = gnu11;
				GCC_DYNAMIC_NO_PIC = NO;
				GCC_NO_COMMON_BLOCKS = YES;
				GCC_OPTIMIZATION_LEVEL = 0;
				GCC_PREPROCESSOR_DEFINITIONS = (
					"DEBUG=1",
					"$(inherited)",
				);
				GCC_WARN_64_TO_32_BIT_CONVERSION = YES;
				GCC_WARN_ABOUT_RETURN_TYPE = YES_ERROR;
				GCC_WARN_UNDECLARED_SELECTOR = YES;
				GCC_WARN_UNINITIALIZED_AUTOS = YES_AGGRESSIVE;
				GCC_WARN_UNUSED_FUNCTION = YES;
				GCC_WARN_UNUSED_VARIABLE = YES;
				IPHONEOS_DEPLOYMENT_TARGET = 12.2;
				MTL_ENABLE_DEBUG_INFO = INCLUDE_SOURCE;
				MTL_FAST_MATH = YES;
				ONLY_ACTIVE_ARCH = YES;
				SDKROOT = iphoneos;
				SWIFT_ACTIVE_COMPILATION_CONDITIONS = DEBUG;
				SWIFT_OPTIMIZATION_LEVEL = "-Onone";
				SWIFT_VERSION = 5.0;
			};
			name = Debug;
		};
		736CFC3D22B3B2E30071EA3B /* Release */ = {
			isa = XCBuildConfiguration;
			buildSettings = {
				ALWAYS_SEARCH_USER_PATHS = NO;
				CLANG_ANALYZER_NONNULL = YES;
				CLANG_ANALYZER_NUMBER_OBJECT_CONVERSION = YES_AGGRESSIVE;
				CLANG_CXX_LANGUAGE_STANDARD = "gnu++14";
				CLANG_CXX_LIBRARY = "libc++";
				CLANG_ENABLE_MODULES = YES;
				CLANG_ENABLE_OBJC_ARC = YES;
				CLANG_ENABLE_OBJC_WEAK = YES;
				CLANG_WARN_BLOCK_CAPTURE_AUTORELEASING = YES;
				CLANG_WARN_BOOL_CONVERSION = YES;
				CLANG_WARN_COMMA = YES;
				CLANG_WARN_CONSTANT_CONVERSION = YES;
				CLANG_WARN_DEPRECATED_OBJC_IMPLEMENTATIONS = YES;
				CLANG_WARN_DIRECT_OBJC_ISA_USAGE = YES_ERROR;
				CLANG_WARN_DOCUMENTATION_COMMENTS = YES;
				CLANG_WARN_EMPTY_BODY = YES;
				CLANG_WARN_ENUM_CONVERSION = YES;
				CLANG_WARN_INFINITE_RECURSION = YES;
				CLANG_WARN_INT_CONVERSION = YES;
				CLANG_WARN_NON_LITERAL_NULL_CONVERSION = YES;
				CLANG_WARN_OBJC_IMPLICIT_RETAIN_SELF = YES;
				CLANG_WARN_OBJC_LITERAL_CONVERSION = YES;
				CLANG_WARN_OBJC_ROOT_CLASS = YES_ERROR;
				CLANG_WARN_RANGE_LOOP_ANALYSIS = YES;
				CLANG_WARN_STRICT_PROTOTYPES = YES;
				CLANG_WARN_SUSPICIOUS_MOVE = YES;
				CLANG_WARN_UNGUARDED_AVAILABILITY = YES_AGGRESSIVE;
				CLANG_WARN_UNREACHABLE_CODE = YES;
				CLANG_WARN__DUPLICATE_METHOD_MATCH = YES;
				CODE_SIGN_IDENTITY = "iPhone Developer";
				COPY_PHASE_STRIP = NO;
				DEBUG_INFORMATION_FORMAT = "dwarf-with-dsym";
				ENABLE_NS_ASSERTIONS = NO;
				ENABLE_STRICT_OBJC_MSGSEND = YES;
				GCC_C_LANGUAGE_STANDARD = gnu11;
				GCC_NO_COMMON_BLOCKS = YES;
				GCC_WARN_64_TO_32_BIT_CONVERSION = YES;
				GCC_WARN_ABOUT_RETURN_TYPE = YES_ERROR;
				GCC_WARN_UNDECLARED_SELECTOR = YES;
				GCC_WARN_UNINITIALIZED_AUTOS = YES_AGGRESSIVE;
				GCC_WARN_UNUSED_FUNCTION = YES;
				GCC_WARN_UNUSED_VARIABLE = YES;
				IPHONEOS_DEPLOYMENT_TARGET = 12.2;
				MTL_ENABLE_DEBUG_INFO = NO;
				MTL_FAST_MATH = YES;
				SDKROOT = iphoneos;
				SWIFT_COMPILATION_MODE = wholemodule;
				SWIFT_OPTIMIZATION_LEVEL = "-O";
				SWIFT_VERSION = 5.0;
				VALIDATE_PRODUCT = YES;
			};
			name = Release;
		};
		736CFC3F22B3B2E30071EA3B /* Debug */ = {
			isa = XCBuildConfiguration;
			baseConfigurationReference = A621DD4A3C3F73C2603DB12E /* Pods-Intelligent Fitness.debug.xcconfig */;
			buildSettings = {
				ASSETCATALOG_COMPILER_APPICON_NAME = AppIcon;
				CODE_SIGN_ENTITLEMENTS = "Intelligent Fitness/Intelligent Fitness.entitlements";
				CODE_SIGN_STYLE = Automatic;
				DEVELOPMENT_TEAM = T58RJPYJ69;
				INFOPLIST_FILE = "Intelligent Fitness/Info.plist";
				LD_RUNPATH_SEARCH_PATHS = (
					"$(inherited)",
					"@executable_path/Frameworks",
				);
				PRODUCT_BUNDLE_IDENTIFIER = "uk.me.stevenlord.Intelligent-Fitness";
				PRODUCT_NAME = "$(TARGET_NAME)";
				SWIFT_VERSION = 5.0;
				TARGETED_DEVICE_FAMILY = "1,2";
			};
			name = Debug;
		};
		736CFC4022B3B2E30071EA3B /* Release */ = {
			isa = XCBuildConfiguration;
			baseConfigurationReference = 1D06C11C6C5C873EE7543118 /* Pods-Intelligent Fitness.release.xcconfig */;
			buildSettings = {
				ASSETCATALOG_COMPILER_APPICON_NAME = AppIcon;
				CODE_SIGN_ENTITLEMENTS = "Intelligent Fitness/Intelligent Fitness.entitlements";
				CODE_SIGN_STYLE = Automatic;
				DEVELOPMENT_TEAM = T58RJPYJ69;
				INFOPLIST_FILE = "Intelligent Fitness/Info.plist";
				LD_RUNPATH_SEARCH_PATHS = (
					"$(inherited)",
					"@executable_path/Frameworks",
				);
				PRODUCT_BUNDLE_IDENTIFIER = "uk.me.stevenlord.Intelligent-Fitness";
				PRODUCT_NAME = "$(TARGET_NAME)";
				SWIFT_VERSION = 5.0;
				TARGETED_DEVICE_FAMILY = "1,2";
			};
			name = Release;
		};
		736CFC4222B3B2E30071EA3B /* Debug */ = {
			isa = XCBuildConfiguration;
			baseConfigurationReference = D3A74A53702081A12DFF5159 /* Pods-Intelligent FitnessTests.debug.xcconfig */;
			buildSettings = {
				ALWAYS_EMBED_SWIFT_STANDARD_LIBRARIES = YES;
				BUNDLE_LOADER = "$(TEST_HOST)";
				CODE_SIGN_STYLE = Automatic;
				INFOPLIST_FILE = "Intelligent FitnessTests/Info.plist";
				LD_RUNPATH_SEARCH_PATHS = (
					"$(inherited)",
					"@executable_path/Frameworks",
					"@loader_path/Frameworks",
				);
				PRODUCT_BUNDLE_IDENTIFIER = "uk.me.stevenlord.Intelligent-FitnessTests";
				PRODUCT_NAME = "$(TARGET_NAME)";
				SWIFT_VERSION = 5.0;
				TARGETED_DEVICE_FAMILY = "1,2";
				TEST_HOST = "$(BUILT_PRODUCTS_DIR)/Intelligent Fitness.app/Intelligent Fitness";
			};
			name = Debug;
		};
		736CFC4322B3B2E30071EA3B /* Release */ = {
			isa = XCBuildConfiguration;
			baseConfigurationReference = 5057469183A91ED360F47967 /* Pods-Intelligent FitnessTests.release.xcconfig */;
			buildSettings = {
				ALWAYS_EMBED_SWIFT_STANDARD_LIBRARIES = YES;
				BUNDLE_LOADER = "$(TEST_HOST)";
				CODE_SIGN_STYLE = Automatic;
				INFOPLIST_FILE = "Intelligent FitnessTests/Info.plist";
				LD_RUNPATH_SEARCH_PATHS = (
					"$(inherited)",
					"@executable_path/Frameworks",
					"@loader_path/Frameworks",
				);
				PRODUCT_BUNDLE_IDENTIFIER = "uk.me.stevenlord.Intelligent-FitnessTests";
				PRODUCT_NAME = "$(TARGET_NAME)";
				SWIFT_VERSION = 5.0;
				TARGETED_DEVICE_FAMILY = "1,2";
				TEST_HOST = "$(BUILT_PRODUCTS_DIR)/Intelligent Fitness.app/Intelligent Fitness";
			};
			name = Release;
		};
		736CFC4522B3B2E30071EA3B /* Debug */ = {
			isa = XCBuildConfiguration;
			baseConfigurationReference = CC9FB4B13A229373A6DE344C /* Pods-Intelligent FitnessUITests.debug.xcconfig */;
			buildSettings = {
				ALWAYS_EMBED_SWIFT_STANDARD_LIBRARIES = YES;
				CODE_SIGN_STYLE = Automatic;
				INFOPLIST_FILE = "Intelligent FitnessUITests/Info.plist";
				LD_RUNPATH_SEARCH_PATHS = (
					"$(inherited)",
					"@executable_path/Frameworks",
					"@loader_path/Frameworks",
				);
				PRODUCT_BUNDLE_IDENTIFIER = "uk.me.stevenlord.Intelligent-FitnessUITests";
				PRODUCT_NAME = "$(TARGET_NAME)";
				SWIFT_VERSION = 5.0;
				TARGETED_DEVICE_FAMILY = "1,2";
				TEST_TARGET_NAME = "Intelligent Fitness";
			};
			name = Debug;
		};
		736CFC4622B3B2E30071EA3B /* Release */ = {
			isa = XCBuildConfiguration;
			baseConfigurationReference = 67A57F9DAF4C5E97858C9D9E /* Pods-Intelligent FitnessUITests.release.xcconfig */;
			buildSettings = {
				ALWAYS_EMBED_SWIFT_STANDARD_LIBRARIES = YES;
				CODE_SIGN_STYLE = Automatic;
				INFOPLIST_FILE = "Intelligent FitnessUITests/Info.plist";
				LD_RUNPATH_SEARCH_PATHS = (
					"$(inherited)",
					"@executable_path/Frameworks",
					"@loader_path/Frameworks",
				);
				PRODUCT_BUNDLE_IDENTIFIER = "uk.me.stevenlord.Intelligent-FitnessUITests";
				PRODUCT_NAME = "$(TARGET_NAME)";
				SWIFT_VERSION = 5.0;
				TARGETED_DEVICE_FAMILY = "1,2";
				TEST_TARGET_NAME = "Intelligent Fitness";
			};
			name = Release;
		};
/* End XCBuildConfiguration section */

/* Begin XCConfigurationList section */
		736CFC0F22B3B2E20071EA3B /* Build configuration list for PBXProject "Intelligent Fitness" */ = {
			isa = XCConfigurationList;
			buildConfigurations = (
				736CFC3C22B3B2E30071EA3B /* Debug */,
				736CFC3D22B3B2E30071EA3B /* Release */,
			);
			defaultConfigurationIsVisible = 0;
			defaultConfigurationName = Release;
		};
		736CFC3E22B3B2E30071EA3B /* Build configuration list for PBXNativeTarget "Intelligent Fitness" */ = {
			isa = XCConfigurationList;
			buildConfigurations = (
				736CFC3F22B3B2E30071EA3B /* Debug */,
				736CFC4022B3B2E30071EA3B /* Release */,
			);
			defaultConfigurationIsVisible = 0;
			defaultConfigurationName = Release;
		};
		736CFC4122B3B2E30071EA3B /* Build configuration list for PBXNativeTarget "Intelligent FitnessTests" */ = {
			isa = XCConfigurationList;
			buildConfigurations = (
				736CFC4222B3B2E30071EA3B /* Debug */,
				736CFC4322B3B2E30071EA3B /* Release */,
			);
			defaultConfigurationIsVisible = 0;
			defaultConfigurationName = Release;
		};
		736CFC4422B3B2E30071EA3B /* Build configuration list for PBXNativeTarget "Intelligent FitnessUITests" */ = {
			isa = XCConfigurationList;
			buildConfigurations = (
				736CFC4522B3B2E30071EA3B /* Debug */,
				736CFC4622B3B2E30071EA3B /* Release */,
			);
			defaultConfigurationIsVisible = 0;
			defaultConfigurationName = Release;
		};
/* End XCConfigurationList section */

/* Begin XCVersionGroup section */
		736CFC8722B4F0AF0071EA3B /* Model.xcdatamodeld */ = {
			isa = XCVersionGroup;
			children = (
				736CFC8822B4F0AF0071EA3B /* Model.xcdatamodel */,
			);
			currentVersion = 736CFC8822B4F0AF0071EA3B /* Model.xcdatamodel */;
			path = Model.xcdatamodeld;
			sourceTree = "<group>";
			versionGroupType = wrapper.xcdatamodel;
		};
/* End XCVersionGroup section */
	};
	rootObject = 736CFC0C22B3B2E20071EA3B /* Project object */;
}
